// !$*UTF8*$!
{
	archiveVersion = 1;
	classes = {
	};
	objectVersion = 46;
	objects = {

/* Begin PBXBuildFile section */
		8CEF44861B1E882800FC33CA /* AppDelegate.swift in Sources */ = {isa = PBXBuildFile; fileRef = 8CEF44851B1E882800FC33CA /* AppDelegate.swift */; };
		8CEF44881B1E882800FC33CA /* ViewController.swift in Sources */ = {isa = PBXBuildFile; fileRef = 8CEF44871B1E882800FC33CA /* ViewController.swift */; };
		8CEF448B1B1E882800FC33CA /* Main.storyboard in Resources */ = {isa = PBXBuildFile; fileRef = 8CEF44891B1E882800FC33CA /* Main.storyboard */; };
		8CEF448D1B1E882800FC33CA /* Images.xcassets in Resources */ = {isa = PBXBuildFile; fileRef = 8CEF448C1B1E882800FC33CA /* Images.xcassets */; };
		8CEF44901B1E882800FC33CA /* LaunchScreen.xib in Resources */ = {isa = PBXBuildFile; fileRef = 8CEF448E1B1E882800FC33CA /* LaunchScreen.xib */; };
		8CEF449C1B1E882800FC33CA /* APISampleTests.swift in Sources */ = {isa = PBXBuildFile; fileRef = 8CEF449B1B1E882800FC33CA /* APISampleTests.swift */; };
		8CEF44A61B1E886900FC33CA /* Wunderlist.swift in Sources */ = {isa = PBXBuildFile; fileRef = 8CEF44A51B1E886900FC33CA /* Wunderlist.swift */; };
/* End PBXBuildFile section */

/* Begin PBXContainerItemProxy section */
		8CEF44961B1E882800FC33CA /* PBXContainerItemProxy */ = {
			isa = PBXContainerItemProxy;
			containerPortal = 8CEF44781B1E882800FC33CA /* Project object */;
			proxyType = 1;
			remoteGlobalIDString = 8CEF447F1B1E882800FC33CA;
			remoteInfo = APISample;
		};
/* End PBXContainerItemProxy section */

/* Begin PBXFileReference section */
		8CEF44801B1E882800FC33CA /* APISample.app */ = {isa = PBXFileReference; explicitFileType = wrapper.application; includeInIndex = 0; path = APISample.app; sourceTree = BUILT_PRODUCTS_DIR; };
		8CEF44841B1E882800FC33CA /* Info.plist */ = {isa = PBXFileReference; lastKnownFileType = text.plist.xml; path = Info.plist; sourceTree = "<group>"; };
		8CEF44851B1E882800FC33CA /* AppDelegate.swift */ = {isa = PBXFileReference; lastKnownFileType = sourcecode.swift; path = AppDelegate.swift; sourceTree = "<group>"; };
		8CEF44871B1E882800FC33CA /* ViewController.swift */ = {isa = PBXFileReference; lastKnownFileType = sourcecode.swift; path = ViewController.swift; sourceTree = "<group>"; };
		8CEF448A1B1E882800FC33CA /* Base */ = {isa = PBXFileReference; lastKnownFileType = file.storyboard; name = Base; path = Base.lproj/Main.storyboard; sourceTree = "<group>"; };
		8CEF448C1B1E882800FC33CA /* Images.xcassets */ = {isa = PBXFileReference; lastKnownFileType = folder.assetcatalog; path = Images.xcassets; sourceTree = "<group>"; };
		8CEF448F1B1E882800FC33CA /* Base */ = {isa = PBXFileReference; lastKnownFileType = file.xib; name = Base; path = Base.lproj/LaunchScreen.xib; sourceTree = "<group>"; };
		8CEF44951B1E882800FC33CA /* APISampleTests.xctest */ = {isa = PBXFileReference; explicitFileType = wrapper.cfbundle; includeInIndex = 0; path = APISampleTests.xctest; sourceTree = BUILT_PRODUCTS_DIR; };
		8CEF449A1B1E882800FC33CA /* Info.plist */ = {isa = PBXFileReference; lastKnownFileType = text.plist.xml; path = Info.plist; sourceTree = "<group>"; };
		8CEF449B1B1E882800FC33CA /* APISampleTests.swift */ = {isa = PBXFileReference; lastKnownFileType = sourcecode.swift; path = APISampleTests.swift; sourceTree = "<group>"; };
		8CEF44A51B1E886900FC33CA /* Wunderlist.swift */ = {isa = PBXFileReference; fileEncoding = 4; lastKnownFileType = sourcecode.swift; path = Wunderlist.swift; sourceTree = "<group>"; };
/* End PBXFileReference section */

/* Begin PBXFrameworksBuildPhase section */
		8CEF447D1B1E882800FC33CA /* Frameworks */ = {
			isa = PBXFrameworksBuildPhase;
			buildActionMask = 2147483647;
			files = (
			);
			runOnlyForDeploymentPostprocessing = 0;
		};
		8CEF44921B1E882800FC33CA /* Frameworks */ = {
			isa = PBXFrameworksBuildPhase;
			buildActionMask = 2147483647;
			files = (
			);
			runOnlyForDeploymentPostprocessing = 0;
		};
/* End PBXFrameworksBuildPhase section */

/* Begin PBXGroup section */
		8CEF44771B1E882800FC33CA = {
			isa = PBXGroup;
			children = (
				8CEF44821B1E882800FC33CA /* APISample */,
				8CEF44981B1E882800FC33CA /* APISampleTests */,
				8CEF44811B1E882800FC33CA /* Products */,
			);
			sourceTree = "<group>";
		};
		8CEF44811B1E882800FC33CA /* Products */ = {
			isa = PBXGroup;
			children = (
				8CEF44801B1E882800FC33CA /* APISample.app */,
				8CEF44951B1E882800FC33CA /* APISampleTests.xctest */,
			);
			name = Products;
			sourceTree = "<group>";
		};
		8CEF44821B1E882800FC33CA /* APISample */ = {
			isa = PBXGroup;
			children = (
				8CEF44A51B1E886900FC33CA /* Wunderlist.swift */,
				8CEF44871B1E882800FC33CA /* ViewController.swift */,
				8CEF44891B1E882800FC33CA /* Main.storyboard */,
				8CEF44831B1E882800FC33CA /* Supporting Files */,
			);
			path = APISample;
			sourceTree = "<group>";
		};
		8CEF44831B1E882800FC33CA /* Supporting Files */ = {
			isa = PBXGroup;
			children = (
				8CEF44851B1E882800FC33CA /* AppDelegate.swift */,
				8CEF448C1B1E882800FC33CA /* Images.xcassets */,
				8CEF448E1B1E882800FC33CA /* LaunchScreen.xib */,
				8CEF44841B1E882800FC33CA /* Info.plist */,
			);
			name = "Supporting Files";
			sourceTree = "<group>";
		};
		8CEF44981B1E882800FC33CA /* APISampleTests */ = {
			isa = PBXGroup;
			children = (
				8CEF449B1B1E882800FC33CA /* APISampleTests.swift */,
				8CEF44991B1E882800FC33CA /* Supporting Files */,
			);
			path = APISampleTests;
			sourceTree = "<group>";
		};
		8CEF44991B1E882800FC33CA /* Supporting Files */ = {
			isa = PBXGroup;
			children = (
				8CEF449A1B1E882800FC33CA /* Info.plist */,
			);
			name = "Supporting Files";
			sourceTree = "<group>";
		};
/* End PBXGroup section */

/* Begin PBXNativeTarget section */
		8CEF447F1B1E882800FC33CA /* APISample */ = {
			isa = PBXNativeTarget;
			buildConfigurationList = 8CEF449F1B1E882800FC33CA /* Build configuration list for PBXNativeTarget "APISample" */;
			buildPhases = (
				8CEF447C1B1E882800FC33CA /* Sources */,
				8CEF447D1B1E882800FC33CA /* Frameworks */,
				8CEF447E1B1E882800FC33CA /* Resources */,
			);
			buildRules = (
			);
			dependencies = (
			);
			name = APISample;
			productName = APISample;
			productReference = 8CEF44801B1E882800FC33CA /* APISample.app */;
			productType = "com.apple.product-type.application";
		};
		8CEF44941B1E882800FC33CA /* APISampleTests */ = {
			isa = PBXNativeTarget;
			buildConfigurationList = 8CEF44A21B1E882800FC33CA /* Build configuration list for PBXNativeTarget "APISampleTests" */;
			buildPhases = (
				8CEF44911B1E882800FC33CA /* Sources */,
				8CEF44921B1E882800FC33CA /* Frameworks */,
				8CEF44931B1E882800FC33CA /* Resources */,
			);
			buildRules = (
			);
			dependencies = (
				8CEF44971B1E882800FC33CA /* PBXTargetDependency */,
			);
			name = APISampleTests;
			productName = APISampleTests;
			productReference = 8CEF44951B1E882800FC33CA /* APISampleTests.xctest */;
			productType = "com.apple.product-type.bundle.unit-test";
		};
/* End PBXNativeTarget section */

/* Begin PBXProject section */
		8CEF44781B1E882800FC33CA /* Project object */ = {
			isa = PBXProject;
			attributes = {
				LastUpgradeCheck = 0630;
				ORGANIZATIONNAME = rayc5;
				TargetAttributes = {
					8CEF447F1B1E882800FC33CA = {
						CreatedOnToolsVersion = 6.3.2;
					};
					8CEF44941B1E882800FC33CA = {
						CreatedOnToolsVersion = 6.3.2;
						TestTargetID = 8CEF447F1B1E882800FC33CA;
					};
				};
			};
			buildConfigurationList = 8CEF447B1B1E882800FC33CA /* Build configuration list for PBXProject "APISample" */;
			compatibilityVersion = "Xcode 3.2";
			developmentRegion = English;
			hasScannedForEncodings = 0;
			knownRegions = (
				en,
				Base,
			);
			mainGroup = 8CEF44771B1E882800FC33CA;
			productRefGroup = 8CEF44811B1E882800FC33CA /* Products */;
			projectDirPath = "";
			projectRoot = "";
			targets = (
				8CEF447F1B1E882800FC33CA /* APISample */,
				8CEF44941B1E882800FC33CA /* APISampleTests */,
			);
		};
/* End PBXProject section */

/* Begin PBXResourcesBuildPhase section */
		8CEF447E1B1E882800FC33CA /* Resources */ = {
			isa = PBXResourcesBuildPhase;
			buildActionMask = 2147483647;
			files = (
				8CEF448B1B1E882800FC33CA /* Main.storyboard in Resources */,
				8CEF44901B1E882800FC33CA /* LaunchScreen.xib in Resources */,
				8CEF448D1B1E882800FC33CA /* Images.xcassets in Resources */,
			);
			runOnlyForDeploymentPostprocessing = 0;
		};
		8CEF44931B1E882800FC33CA /* Resources */ = {
			isa = PBXResourcesBuildPhase;
			buildActionMask = 2147483647;
			files = (
			);
			runOnlyForDeploymentPostprocessing = 0;
		};
/* End PBXResourcesBuildPhase section */

/* Begin PBXSourcesBuildPhase section */
		8CEF447C1B1E882800FC33CA /* Sources */ = {
			isa = PBXSourcesBuildPhase;
			buildActionMask = 2147483647;
			files = (
				8CEF44881B1E882800FC33CA /* ViewController.swift in Sources */,
				8CEF44861B1E882800FC33CA /* AppDelegate.swift in Sources */,
				8CEF44A61B1E886900FC33CA /* Wunderlist.swift in Sources */,
			);
			runOnlyForDeploymentPostprocessing = 0;
		};
		8CEF44911B1E882800FC33CA /* Sources */ = {
			isa = PBXSourcesBuildPhase;
			buildActionMask = 2147483647;
			files = (
				8CEF449C1B1E882800FC33CA /* APISampleTests.swift in Sources */,
			);
			runOnlyForDeploymentPostprocessing = 0;
		};
/* End PBXSourcesBuildPhase section */

/* Begin PBXTargetDependency section */
		8CEF44971B1E882800FC33CA /* PBXTargetDependency */ = {
			isa = PBXTargetDependency;
			target = 8CEF447F1B1E882800FC33CA /* APISample */;
			targetProxy = 8CEF44961B1E882800FC33CA /* PBXContainerItemProxy */;
		};
/* End PBXTargetDependency section */

/* Begin PBXVariantGroup section */
		8CEF44891B1E882800FC33CA /* Main.storyboard */ = {
			isa = PBXVariantGroup;
			children = (
				8CEF448A1B1E882800FC33CA /* Base */,
			);
			name = Main.storyboard;
			sourceTree = "<group>";
		};
		8CEF448E1B1E882800FC33CA /* LaunchScreen.xib */ = {
			isa = PBXVariantGroup;
			children = (
				8CEF448F1B1E882800FC33CA /* Base */,
			);
			name = LaunchScreen.xib;
			sourceTree = "<group>";
		};
/* End PBXVariantGroup section */

/* Begin XCBuildConfiguration section */
		8CEF449D1B1E882800FC33CA /* Debug */ = {
			isa = XCBuildConfiguration;
			buildSettings = {
				ALWAYS_SEARCH_USER_PATHS = NO;
				CLANG_CXX_LANGUAGE_STANDARD = "gnu++0x";
				CLANG_CXX_LIBRARY = "libc++";
				CLANG_ENABLE_MODULES = YES;
				CLANG_ENABLE_OBJC_ARC = YES;
				CLANG_WARN_BOOL_CONVERSION = YES;
				CLANG_WARN_CONSTANT_CONVERSION = YES;
				CLANG_WARN_DIRECT_OBJC_ISA_USAGE = YES_ERROR;
				CLANG_WARN_EMPTY_BODY = YES;
				CLANG_WARN_ENUM_CONVERSION = YES;
				CLANG_WARN_INT_CONVERSION = YES;
				CLANG_WARN_OBJC_ROOT_CLASS = YES_ERROR;
				CLANG_WARN_UNREACHABLE_CODE = YES;
				CLANG_WARN__DUPLICATE_METHOD_MATCH = YES;
				"CODE_SIGN_IDENTITY[sdk=iphoneos*]" = "iPhone Developer";
				COPY_PHASE_STRIP = NO;
				DEBUG_INFORMATION_FORMAT = "dwarf-with-dsym";
				ENABLE_STRICT_OBJC_MSGSEND = YES;
				GCC_C_LANGUAGE_STANDARD = gnu99;
				GCC_DYNAMIC_NO_PIC = NO;
				GCC_NO_COMMON_BLOCKS = YES;
				GCC_OPTIMIZATION_LEVEL = 0;
				GCC_PREPROCESSOR_DEFINITIONS = (
					"DEBUG=1",
					"$(inherited)",
				);
				GCC_SYMBOLS_PRIVATE_EXTERN = NO;
				GCC_WARN_64_TO_32_BIT_CONVERSION = YES;
				GCC_WARN_ABOUT_RETURN_TYPE = YES_ERROR;
				GCC_WARN_UNDECLARED_SELECTOR = YES;
				GCC_WARN_UNINITIALIZED_AUTOS = YES_AGGRESSIVE;
				GCC_WARN_UNUSED_FUNCTION = YES;
				GCC_WARN_UNUSED_VARIABLE = YES;
				IPHONEOS_DEPLOYMENT_TARGET = 8.3;
				MTL_ENABLE_DEBUG_INFO = YES;
				ONLY_ACTIVE_ARCH = YES;
				SDKROOT = iphoneos;
				SWIFT_OPTIMIZATION_LEVEL = "-Onone";
				TARGETED_DEVICE_FAMILY = "1,2";
			};
			name = Debug;
		};
		8CEF449E1B1E882800FC33CA /* Release */ = {
			isa = XCBuildConfiguration;
			buildSettings = {
				ALWAYS_SEARCH_USER_PATHS = NO;
				CLANG_CXX_LANGUAGE_STANDARD = "gnu++0x";
				CLANG_CXX_LIBRARY = "libc++";
				CLANG_ENABLE_MODULES = YES;
				CLANG_ENABLE_OBJC_ARC = YES;
				CLANG_WARN_BOOL_CONVERSION = YES;
				CLANG_WARN_CONSTANT_CONVERSION = YES;
				CLANG_WARN_DIRECT_OBJC_ISA_USAGE = YES_ERROR;
				CLANG_WARN_EMPTY_BODY = YES;
				CLANG_WARN_ENUM_CONVERSION = YES;
				CLANG_WARN_INT_CONVERSION = YES;
				CLANG_WARN_OBJC_ROOT_CLASS = YES_ERROR;
				CLANG_WARN_UNREACHABLE_CODE = YES;
				CLANG_WARN__DUPLICATE_METHOD_MATCH = YES;
				"CODE_SIGN_IDENTITY[sdk=iphoneos*]" = "iPhone Developer";
				COPY_PHASE_STRIP = NO;
				DEBUG_INFORMATION_FORMAT = "dwarf-with-dsym";
				ENABLE_NS_ASSERTIONS = NO;
				ENABLE_STRICT_OBJC_MSGSEND = YES;
				GCC_C_LANGUAGE_STANDARD = gnu99;
				GCC_NO_COMMON_BLOCKS = YES;
				GCC_WARN_64_TO_32_BIT_CONVERSION = YES;
				GCC_WARN_ABOUT_RETURN_TYPE = YES_ERROR;
				GCC_WARN_UNDECLARED_SELECTOR = YES;
				GCC_WARN_UNINITIALIZED_AUTOS = YES_AGGRESSIVE;
				GCC_WARN_UNUSED_FUNCTION = YES;
				GCC_WARN_UNUSED_VARIABLE = YES;
				IPHONEOS_DEPLOYMENT_TARGET = 8.3;
				MTL_ENABLE_DEBUG_INFO = NO;
				SDKROOT = iphoneos;
				TARGETED_DEVICE_FAMILY = "1,2";
				VALIDATE_PRODUCT = YES;
			};
			name = Release;
		};
		8CEF44A01B1E882800FC33CA /* Debug */ = {
			isa = XCBuildConfiguration;
			buildSettings = {
				ASSETCATALOG_COMPILER_APPICON_NAME = AppIcon;
				INFOPLIST_FILE = APISample/Info.plist;
				LD_RUNPATH_SEARCH_PATHS = "$(inherited) @executable_path/Frameworks";
				PRODUCT_NAME = "$(TARGET_NAME)";
			};
			name = Debug;
		};
		8CEF44A11B1E882800FC33CA /* Release */ = {
			isa = XCBuildConfiguration;
			buildSettings = {
				ASSETCATALOG_COMPILER_APPICON_NAME = AppIcon;
				INFOPLIST_FILE = APISample/Info.plist;
				LD_RUNPATH_SEARCH_PATHS = "$(inherited) @executable_path/Frameworks";
				PRODUCT_NAME = "$(TARGET_NAME)";
			};
			name = Release;
		};
		8CEF44A31B1E882800FC33CA /* Debug */ = {
			isa = XCBuildConfiguration;
			buildSettings = {
				BUNDLE_LOADER = "$(TEST_HOST)";
				FRAMEWORK_SEARCH_PATHS = (
					"$(SDKROOT)/Developer/Library/Frameworks",
					"$(inherited)",
				);
				GCC_PREPROCESSOR_DEFINITIONS = (
					"DEBUG=1",
					"$(inherited)",
				);
				INFOPLIST_FILE = APISampleTests/Info.plist;
				LD_RUNPATH_SEARCH_PATHS = "$(inherited) @executable_path/Frameworks @loader_path/Frameworks";
				PRODUCT_NAME = "$(TARGET_NAME)";
				TEST_HOST = "$(BUILT_PRODUCTS_DIR)/APISample.app/APISample";
			};
			name = Debug;
		};
		8CEF44A41B1E882800FC33CA /* Release */ = {
			isa = XCBuildConfiguration;
			buildSettings = {
				BUNDLE_LOADER = "$(TEST_HOST)";
				FRAMEWORK_SEARCH_PATHS = (
					"$(SDKROOT)/Developer/Library/Frameworks",
					"$(inherited)",
				);
				INFOPLIST_FILE = APISampleTests/Info.plist;
				LD_RUNPATH_SEARCH_PATHS = "$(inherited) @executable_path/Frameworks @loader_path/Frameworks";
				PRODUCT_NAME = "$(TARGET_NAME)";
				TEST_HOST = "$(BUILT_PRODUCTS_DIR)/APISample.app/APISample";
			};
			name = Release;
		};
/* End XCBuildConfiguration section */

/* Begin XCConfigurationList section */
		8CEF447B1B1E882800FC33CA /* Build configuration list for PBXProject "APISample" */ = {
			isa = XCConfigurationList;
			buildConfigurations = (
				8CEF449D1B1E882800FC33CA /* Debug */,
				8CEF449E1B1E882800FC33CA /* Release */,
			);
			defaultConfigurationIsVisible = 0;
			defaultConfigurationName = Release;
		};
		8CEF449F1B1E882800FC33CA /* Build configuration list for PBXNativeTarget "APISample" */ = {
			isa = XCConfigurationList;
			buildConfigurations = (
				8CEF44A01B1E882800FC33CA /* Debug */,
				8CEF44A11B1E882800FC33CA /* Release */,
			);
			defaultConfigurationIsVisible = 0;
		};
		8CEF44A21B1E882800FC33CA /* Build configuration list for PBXNativeTarget "APISampleTests" */ = {
			isa = XCConfigurationList;
			buildConfigurations = (
				8CEF44A31B1E882800FC33CA /* Debug */,
				8CEF44A41B1E882800FC33CA /* Release */,
			);
			defaultConfigurationIsVisible = 0;
		};
/* End XCConfigurationList section */
	};
	rootObject = 8CEF44781B1E882800FC33CA /* Project object */;
}
